
Microsoft Visual Studio Solution File, Format Version 12.00
# Visual Studio Version 16
VisualStudioVersion = 16.0.31624.102
MinimumVisualStudioVersion = 10.0.40219.1
Project("{FAE04EC0-301F-11D3-BF4B-00C04F79EFBC}") = "EasyJobPSTools", "EasyJobPSTools.csproj", "{D4CD0099-4071-4516-8ADC-95ADCD8A7A4C}"
EndProject
Global
	GlobalSection(SolutionConfigurationPlatforms) = preSolution
		Debug|Any CPU = Debug|Any CPU
		Release|Any CPU = Release|Any CPU
	EndGlobalSection
	GlobalSection(ProjectConfigurationPlatforms) = postSolution
		{D4CD0099-4071-4516-8ADC-95ADCD8A7A4C}.Debug|Any CPU.ActiveCfg = Debug|Any CPU
		{D4CD0099-4071-4516-8ADC-95ADCD8A7A4C}.Debug|Any CPU.Build.0 = Debug|Any CPU
		{D4CD0099-4071-4516-8ADC-95ADCD8A7A4C}.Release|Any CPU.ActiveCfg = Release|Any CPU
		{D4CD0099-4071-4516-8ADC-95ADCD8A7A4C}.Release|Any CPU.Build.0 = Release|Any CPU
	EndGlobalSection
	GlobalSection(SolutionProperties) = preSolution
		HideSolutionNode = FALSE
	EndGlobalSection
	GlobalSection(ExtensibilityGlobals) = postSolution
		SolutionGuid = {0D0B0E81-ED08-435B-82D0-A80FABEA9637}
	EndGlobalSection
EndGlobal
